<?xml version="1.0" encoding="utf-8"?>
<Project ToolsVersion="4.0" xmlns="http://schemas.microsoft.com/developer/msbuild/2003">
  <ItemGroup>
    <Filter Include="源文件">
      <UniqueIdentifier>{4FC737F1-C7A5-4376-A066-2A32D752A2FF}</UniqueIdentifier>
      <Extensions>cpp;c;cc;cxx;def;odl;idl;hpj;bat;asm;asmx</Extensions>
    </Filter>
    <Filter Include="头文件">
      <UniqueIdentifier>{93995380-89BD-4b04-88EB-625FBE52EBFB}</UniqueIdentifier>
      <Extensions>h;hh;hpp;hxx;hm;inl;inc;xsd</Extensions>
    </Filter>
    <Filter Include="资源文件">
      <UniqueIdentifier>{67DA6AB6-F800-4c08-8B7A-83BB121AAD01}</UniqueIdentifier>
      <Extensions>rc;ico;cur;bmp;dlg;rc2;rct;bin;rgs;gif;jpg;jpeg;jpe;resx;tiff;tif;png;wav;mfcribbon-ms</Extensions>
    </Filter>
  </ItemGroup>
  <ItemGroup>
    <ClCompile Include="src\accelerators\iteration.cpp">
      <Filter>源文件</Filter>
    </ClCompile>
    <ClCompile Include="src\cameras\orthographic.cpp">
      <Filter>源文件</Filter>
    </ClCompile>
    <ClCompile Include="src\cameras\perspective.cpp">
      <Filter>源文件</Filter>
    </ClCompile>
    <ClCompile Include="src\cameras\pinhole.cpp">
      <Filter>源文件</Filter>
    </ClCompile>
    <ClCompile Include="src\core\lua\lapi.c">
      <Filter>源文件</Filter>
    </ClCompile>
    <ClCompile Include="src\core\lua\lauxlib.c">
      <Filter>源文件</Filter>
    </ClCompile>
    <ClCompile Include="src\core\lua\lbaselib.c">
      <Filter>源文件</Filter>
    </ClCompile>
    <ClCompile Include="src\core\lua\lbitlib.c">
      <Filter>源文件</Filter>
    </ClCompile>
    <ClCompile Include="src\core\lua\lcode.c">
      <Filter>源文件</Filter>
    </ClCompile>
    <ClCompile Include="src\core\lua\lcorolib.c">
      <Filter>源文件</Filter>
    </ClCompile>
    <ClCompile Include="src\core\lua\lctype.c">
      <Filter>源文件</Filter>
    </ClCompile>
    <ClCompile Include="src\core\lua\ldblib.c">
      <Filter>源文件</Filter>
    </ClCompile>
    <ClCompile Include="src\core\lua\ldebug.c">
      <Filter>源文件</Filter>
    </ClCompile>
    <ClCompile Include="src\core\lua\ldo.c">
      <Filter>源文件</Filter>
    </ClCompile>
    <ClCompile Include="src\core\lua\ldump.c">
      <Filter>源文件</Filter>
    </ClCompile>
    <ClCompile Include="src\core\lua\lfunc.c">
      <Filter>源文件</Filter>
    </ClCompile>
    <ClCompile Include="src\core\lua\lgc.c">
      <Filter>源文件</Filter>
    </ClCompile>
    <ClCompile Include="src\core\lua\linit.c">
      <Filter>源文件</Filter>
    </ClCompile>
    <ClCompile Include="src\core\lua\liolib.c">
      <Filter>源文件</Filter>
    </ClCompile>
    <ClCompile Include="src\core\lua\llex.c">
      <Filter>源文件</Filter>
    </ClCompile>
    <ClCompile Include="src\core\lua\lmathlib.c">
      <Filter>源文件</Filter>
    </ClCompile>
    <ClCompile Include="src\core\lua\lmem.c">
      <Filter>源文件</Filter>
    </ClCompile>
    <ClCompile Include="src\core\lua\loadlib.c">
      <Filter>源文件</Filter>
    </ClCompile>
    <ClCompile Include="src\core\lua\lobject.c">
      <Filter>源文件</Filter>
    </ClCompile>
    <ClCompile Include="src\core\lua\lopcodes.c">
      <Filter>源文件</Filter>
    </ClCompile>
    <ClCompile Include="src\core\lua\loslib.c">
      <Filter>源文件</Filter>
    </ClCompile>
    <ClCompile Include="src\core\lua\lparser.c">
      <Filter>源文件</Filter>
    </ClCompile>
    <ClCompile Include="src\core\lua\lstate.c">
      <Filter>源文件</Filter>
    </ClCompile>
    <ClCompile Include="src\core\lua\lstring.c">
      <Filter>源文件</Filter>
    </ClCompile>
    <ClCompile Include="src\core\lua\lstrlib.c">
      <Filter>源文件</Filter>
    </ClCompile>
    <ClCompile Include="src\core\lua\ltable.c">
      <Filter>源文件</Filter>
    </ClCompile>
    <ClCompile Include="src\core\lua\ltablib.c">
      <Filter>源文件</Filter>
    </ClCompile>
    <ClCompile Include="src\core\lua\ltm.c">
      <Filter>源文件</Filter>
    </ClCompile>
    <ClCompile Include="src\core\lua\lua.c">
      <Filter>源文件</Filter>
    </ClCompile>
    <ClCompile Include="src\core\lua\luac.c">
      <Filter>源文件</Filter>
    </ClCompile>
    <ClCompile Include="src\core\lua\lundump.c">
      <Filter>源文件</Filter>
    </ClCompile>
    <ClCompile Include="src\core\lua\lutf8lib.c">
      <Filter>源文件</Filter>
    </ClCompile>
    <ClCompile Include="src\core\lua\lvm.c">
      <Filter>源文件</Filter>
    </ClCompile>
    <ClCompile Include="src\core\lua\lzio.c">
      <Filter>源文件</Filter>
    </ClCompile>
    <ClCompile Include="src\core\api.cpp">
      <Filter>源文件</Filter>
    </ClCompile>
    <ClCompile Include="src\core\camera.cpp">
      <Filter>源文件</Filter>
    </ClCompile>
    <ClCompile Include="src\core\errfloat.cpp">
      <Filter>源文件</Filter>
    </ClCompile>
    <ClCompile Include="src\core\film.cpp">
      <Filter>源文件</Filter>
    </ClCompile>
    <ClCompile Include="src\core\filter.cpp">
      <Filter>源文件</Filter>
    </ClCompile>
    <ClCompile Include="src\core\geometry.cpp">
      <Filter>源文件</Filter>
    </ClCompile>
    <ClCompile Include="src\core\integrator.cpp">
      <Filter>源文件</Filter>
    </ClCompile>
    <ClCompile Include="src\core\interaction.cpp">
      <Filter>源文件</Filter>
    </ClCompile>
    <ClCompile Include="src\core\light.cpp">
      <Filter>源文件</Filter>
    </ClCompile>
    <ClCompile Include="src\core\lodepng.cpp">
      <Filter>源文件</Filter>
    </ClCompile>
    <ClCompile Include="src\core\memory.cpp">
      <Filter>源文件</Filter>
    </ClCompile>
    <ClCompile Include="src\core\parallel.cpp">
      <Filter>源文件</Filter>
    </ClCompile>
    <ClCompile Include="src\core\paramset.cpp">
      <Filter>源文件</Filter>
    </ClCompile>
    <ClCompile Include="src\core\primitive.cpp">
      <Filter>源文件</Filter>
    </ClCompile>
    <ClCompile Include="src\core\raiden.cpp">
      <Filter>源文件</Filter>
    </ClCompile>
    <ClCompile Include="src\core\reflection.cpp">
      <Filter>源文件</Filter>
    </ClCompile>
    <ClCompile Include="src\core\sampler.cpp">
      <Filter>源文件</Filter>
    </ClCompile>
    <ClCompile Include="src\core\sampling.cpp">
      <Filter>源文件</Filter>
    </ClCompile>
    <ClCompile Include="src\core\scene.cpp">
      <Filter>源文件</Filter>
    </ClCompile>
    <ClCompile Include="src\core\shape.cpp">
      <Filter>源文件</Filter>
    </ClCompile>
    <ClCompile Include="src\core\spectrum.cpp">
      <Filter>源文件</Filter>
    </ClCompile>
    <ClCompile Include="src\core\stats.cpp">
      <Filter>源文件</Filter>
    </ClCompile>
    <ClCompile Include="src\core\transform.cpp">
      <Filter>源文件</Filter>
    </ClCompile>
    <ClCompile Include="src\filters\box.cpp">
      <Filter>源文件</Filter>
    </ClCompile>
    <ClCompile Include="src\integrators\depth.cpp">
      <Filter>源文件</Filter>
    </ClCompile>
    <ClCompile Include="src\integrators\normal.cpp">
      <Filter>源文件</Filter>
    </ClCompile>
    <ClCompile Include="src\lights\point.cpp">
      <Filter>源文件</Filter>
    </ClCompile>
    <ClCompile Include="src\samplers\random.cpp">
      <Filter>源文件</Filter>
    </ClCompile>
    <ClCompile Include="src\shapes\sphere.cpp">
      <Filter>源文件</Filter>
    </ClCompile>
    <ClCompile Include="src\test\statsTest.cpp">
      <Filter>源文件</Filter>
    </ClCompile>
    <ClCompile Include="src\main.cpp">
      <Filter>源文件</Filter>
    </ClCompile>
    <ClCompile Include="src\core\texture.cpp">
      <Filter>源文件</Filter>
    </ClCompile>
    <ClCompile Include="src\materials\lambertian.cpp">
      <Filter>源文件</Filter>
    </ClCompile>
    <ClCompile Include="src\textures\constant.cpp">
      <Filter>源文件</Filter>
    </ClCompile>
    <ClCompile Include="src\integrators\whitted.cpp">
      <Filter>源文件</Filter>
    </ClCompile>
    <ClCompile Include="src\lights\distant.cpp">
      <Filter>源文件</Filter>
    </ClCompile>
    <ClCompile Include="src\materials\mirror.cpp">
      <Filter>源文件</Filter>
    </ClCompile>
    <ClCompile Include="src\shapes\trianglemesh.cpp">
      <Filter>源文件</Filter>
    </ClCompile>
    <ClCompile Include="src\accelerators\grid.cpp">
      <Filter>源文件</Filter>
    </ClCompile>
    <ClCompile Include="src\integrators\pt.cpp">
      <Filter>源文件</Filter>
    </ClCompile>
    <ClCompile Include="src\lights\diffuse.cpp">
      <Filter>源文件</Filter>
    </ClCompile>
    <ClCompile Include="src\integrators\vpt.cpp">
      <Filter>源文件</Filter>
    </ClCompile>
    <ClCompile Include="src\lights\spot.cpp">
      <Filter>源文件</Filter>
    </ClCompile>
    <ClCompile Include="src\samplers\stratified.cpp">
      <Filter>源文件</Filter>
    </ClCompile>
    <ClCompile Include="src\materials\glass.cpp">
      <Filter>源文件</Filter>
    </ClCompile>
    <ClCompile Include="src\accelerators\bvh.cpp">
      <Filter>源文件</Filter>
    </ClCompile>
    <ClCompile Include="src\cameras\environment.cpp">
      <Filter>源文件</Filter>
    </ClCompile>
    <ClCompile Include="src\integrators\sppm.cpp">
      <Filter>源文件</Filter>
    </ClCompile>
  </ItemGroup>
  <ItemGroup>
    <ClInclude Include="src\accelerators\iteration.h">
      <Filter>头文件</Filter>
    </ClInclude>
    <ClInclude Include="src\cameras\orthographic.h">
      <Filter>头文件</Filter>
    </ClInclude>
    <ClInclude Include="src\cameras\perspective.h">
      <Filter>头文件</Filter>
    </ClInclude>
    <ClInclude Include="src\cameras\pinhole.h">
      <Filter>头文件</Filter>
    </ClInclude>
    <ClInclude Include="src\core\lua\lapi.h">
      <Filter>头文件</Filter>
    </ClInclude>
    <ClInclude Include="src\core\lua\lauxlib.h">
      <Filter>头文件</Filter>
    </ClInclude>
    <ClInclude Include="src\core\lua\lcode.h">
      <Filter>头文件</Filter>
    </ClInclude>
    <ClInclude Include="src\core\lua\lctype.h">
      <Filter>头文件</Filter>
    </ClInclude>
    <ClInclude Include="src\core\lua\ldebug.h">
      <Filter>头文件</Filter>
    </ClInclude>
    <ClInclude Include="src\core\lua\ldo.h">
      <Filter>头文件</Filter>
    </ClInclude>
    <ClInclude Include="src\core\lua\lfunc.h">
      <Filter>头文件</Filter>
    </ClInclude>
    <ClInclude Include="src\core\lua\lgc.h">
      <Filter>头文件</Filter>
    </ClInclude>
    <ClInclude Include="src\core\lua\llex.h">
      <Filter>头文件</Filter>
    </ClInclude>
    <ClInclude Include="src\core\lua\llimits.h">
      <Filter>头文件</Filter>
    </ClInclude>
    <ClInclude Include="src\core\lua\lmem.h">
      <Filter>头文件</Filter>
    </ClInclude>
    <ClInclude Include="src\core\lua\lobject.h">
      <Filter>头文件</Filter>
    </ClInclude>
    <ClInclude Include="src\core\lua\lopcodes.h">
      <Filter>头文件</Filter>
    </ClInclude>
    <ClInclude Include="src\core\lua\lparser.h">
      <Filter>头文件</Filter>
    </ClInclude>
    <ClInclude Include="src\core\lua\lprefix.h">
      <Filter>头文件</Filter>
    </ClInclude>
    <ClInclude Include="src\core\lua\lstate.h">
      <Filter>头文件</Filter>
    </ClInclude>
    <ClInclude Include="src\core\lua\lstring.h">
      <Filter>头文件</Filter>
    </ClInclude>
    <ClInclude Include="src\core\lua\ltable.h">
      <Filter>头文件</Filter>
    </ClInclude>
    <ClInclude Include="src\core\lua\ltm.h">
      <Filter>头文件</Filter>
    </ClInclude>
    <ClInclude Include="src\core\lua\lua.h">
      <Filter>头文件</Filter>
    </ClInclude>
    <ClInclude Include="src\core\lua\lua.hpp">
      <Filter>头文件</Filter>
    </ClInclude>
    <ClInclude Include="src\core\lua\luaconf.h">
      <Filter>头文件</Filter>
    </ClInclude>
    <ClInclude Include="src\core\lua\lualib.h">
      <Filter>头文件</Filter>
    </ClInclude>
    <ClInclude Include="src\core\lua\lundump.h">
      <Filter>头文件</Filter>
    </ClInclude>
    <ClInclude Include="src\core\lua\lvm.h">
      <Filter>头文件</Filter>
    </ClInclude>
    <ClInclude Include="src\core\lua\lzio.h">
      <Filter>头文件</Filter>
    </ClInclude>
    <ClInclude Include="src\core\api.h">
      <Filter>头文件</Filter>
    </ClInclude>
    <ClInclude Include="src\core\camera.h">
      <Filter>头文件</Filter>
    </ClInclude>
    <ClInclude Include="src\core\errfloat.h">
      <Filter>头文件</Filter>
    </ClInclude>
    <ClInclude Include="src\core\film.h">
      <Filter>头文件</Filter>
    </ClInclude>
    <ClInclude Include="src\core\filter.h">
      <Filter>头文件</Filter>
    </ClInclude>
    <ClInclude Include="src\core\geometry.h">
      <Filter>头文件</Filter>
    </ClInclude>
    <ClInclude Include="src\core\integrator.h">
      <Filter>头文件</Filter>
    </ClInclude>
    <ClInclude Include="src\core\interaction.h">
      <Filter>头文件</Filter>
    </ClInclude>
    <ClInclude Include="src\core\light.h">
      <Filter>头文件</Filter>
    </ClInclude>
    <ClInclude Include="src\core\lodepng.h">
      <Filter>头文件</Filter>
    </ClInclude>
    <ClInclude Include="src\core\material.h">
      <Filter>头文件</Filter>
    </ClInclude>
    <ClInclude Include="src\core\memory.h">
      <Filter>头文件</Filter>
    </ClInclude>
    <ClInclude Include="src\core\parallel.h">
      <Filter>头文件</Filter>
    </ClInclude>
    <ClInclude Include="src\core\paramset.h">
      <Filter>头文件</Filter>
    </ClInclude>
    <ClInclude Include="src\core\parser.h">
      <Filter>头文件</Filter>
    </ClInclude>
    <ClInclude Include="src\core\port.h">
      <Filter>头文件</Filter>
    </ClInclude>
    <ClInclude Include="src\core\primitive.h">
      <Filter>头文件</Filter>
    </ClInclude>
    <ClInclude Include="src\core\raiden.h">
      <Filter>头文件</Filter>
    </ClInclude>
    <ClInclude Include="src\core\reflection.h">
      <Filter>头文件</Filter>
    </ClInclude>
    <ClInclude Include="src\core\rng.h">
      <Filter>头文件</Filter>
    </ClInclude>
    <ClInclude Include="src\core\sampler.h">
      <Filter>头文件</Filter>
    </ClInclude>
    <ClInclude Include="src\core\sampling.h">
      <Filter>头文件</Filter>
    </ClInclude>
    <ClInclude Include="src\core\scene.h">
      <Filter>头文件</Filter>
    </ClInclude>
    <ClInclude Include="src\core\shape.h">
      <Filter>头文件</Filter>
    </ClInclude>
    <ClInclude Include="src\core\spectrum.h">
      <Filter>头文件</Filter>
    </ClInclude>
    <ClInclude Include="src\core\stats.h">
      <Filter>头文件</Filter>
    </ClInclude>
    <ClInclude Include="src\core\transform.h">
      <Filter>头文件</Filter>
    </ClInclude>
    <ClInclude Include="src\filters\box.h">
      <Filter>头文件</Filter>
    </ClInclude>
    <ClInclude Include="src\integrators\depth.h">
      <Filter>头文件</Filter>
    </ClInclude>
    <ClInclude Include="src\integrators\normal.h">
      <Filter>头文件</Filter>
    </ClInclude>
    <ClInclude Include="src\lights\point.h">
      <Filter>头文件</Filter>
    </ClInclude>
    <ClInclude Include="src\samplers\random.h">
      <Filter>头文件</Filter>
    </ClInclude>
    <ClInclude Include="src\shapes\sphere.h">
      <Filter>头文件</Filter>
    </ClInclude>
    <ClInclude Include="src\test\statsTest.h">
      <Filter>头文件</Filter>
    </ClInclude>
    <ClInclude Include="src\test\test.h">
      <Filter>头文件</Filter>
    </ClInclude>
    <ClInclude Include="src\core\microfacet.h">
      <Filter>头文件</Filter>
    </ClInclude>
    <ClInclude Include="src\core\texture.h">
      <Filter>头文件</Filter>
    </ClInclude>
    <ClInclude Include="src\materials\lambertian.h">
      <Filter>头文件</Filter>
    </ClInclude>
    <ClInclude Include="src\textures\constant.h">
      <Filter>头文件</Filter>
    </ClInclude>
    <ClInclude Include="src\integrators\whitted.h">
      <Filter>头文件</Filter>
    </ClInclude>
    <ClInclude Include="src\lights\distant.h">
      <Filter>头文件</Filter>
    </ClInclude>
    <ClInclude Include="src\materials\mirror.h">
      <Filter>头文件</Filter>
    </ClInclude>
    <ClInclude Include="src\shapes\trianglemesh.h">
      <Filter>头文件</Filter>
    </ClInclude>
    <ClInclude Include="src\accelerators\grid.h">
      <Filter>头文件</Filter>
    </ClInclude>
    <ClInclude Include="src\integrators\pt.h">
      <Filter>头文件</Filter>
    </ClInclude>
    <ClInclude Include="src\lights\diffuse.h">
      <Filter>头文件</Filter>
    </ClInclude>
    <ClInclude Include="src\core\medium.h">
      <Filter>头文件</Filter>
    </ClInclude>
    <ClInclude Include="src\media\homogeneous.h">
      <Filter>头文件</Filter>
    </ClInclude>
    <ClInclude Include="src\integrators\vpt.h">
      <Filter>头文件</Filter>
    </ClInclude>
    <ClInclude Include="src\lights\spot.h">
      <Filter>头文件</Filter>
    </ClInclude>
    <ClInclude Include="src\samplers\stratified.h">
      <Filter>头文件</Filter>
    </ClInclude>
    <ClInclude Include="src\materials\glass.h">
      <Filter>头文件</Filter>
    </ClInclude>
    <ClInclude Include="src\accelerators\bvh.h">
      <Filter>头文件</Filter>
    </ClInclude>
    <ClInclude Include="src\core\progressreporter.h">
      <Filter>头文件</Filter>
    </ClInclude>
    <ClInclude Include="src\cameras\environment.h">
      <Filter>头文件</Filter>
    </ClInclude>
    <ClInclude Include="src\integrators\sppm.h">
      <Filter>头文件</Filter>
    </ClInclude>
    <ClInclude Include="src\core\lowdiscrepancy.h">
      <Filter>头文件</Filter>
    </ClInclude>
  </ItemGroup>
</Project>